
Microsoft Visual Studio Solution File, Format Version 12.00
# Visual Studio 15
VisualStudioVersion = 15.0.26124.0
MinimumVisualStudioVersion = 15.0.26124.0
Project("{FAE04EC0-301F-11D3-BF4B-00C04F79EFBC}") = "TennisTest", "TennisTest\TennisTest.csproj", "{BA820FF6-15D3-4F6E-8CFF-97B709C4D13E}"
EndProject
Project("{FAE04EC0-301F-11D3-BF4B-00C04F79EFBC}") = "TennisLib", "TennisLib\TennisLib.csproj", "{295FD017-E8EF-4A53-8196-0927F5E110DD}"
EndProject
Global
	GlobalSection(SolutionConfigurationPlatforms) = preSolution
		Debug|Any CPU = Debug|Any CPU
		Debug|x64 = Debug|x64
		Debug|x86 = Debug|x86
		Release|Any CPU = Release|Any CPU
		Release|x64 = Release|x64
		Release|x86 = Release|x86
	EndGlobalSection
	GlobalSection(SolutionProperties) = preSolution
		HideSolutionNode = FALSE
	EndGlobalSection
	GlobalSection(ProjectConfigurationPlatforms) = postSolution
		{BA820FF6-15D3-4F6E-8CFF-97B709C4D13E}.Debug|Any CPU.ActiveCfg = Debug|Any CPU
		{BA820FF6-15D3-4F6E-8CFF-97B709C4D13E}.Debug|Any CPU.Build.0 = Debug|Any CPU
		{BA820FF6-15D3-4F6E-8CFF-97B709C4D13E}.Debug|x64.ActiveCfg = Debug|Any CPU
		{BA820FF6-15D3-4F6E-8CFF-97B709C4D13E}.Debug|x64.Build.0 = Debug|Any CPU
		{BA820FF6-15D3-4F6E-8CFF-97B709C4D13E}.Debug|x86.ActiveCfg = Debug|Any CPU
		{BA820FF6-15D3-4F6E-8CFF-97B709C4D13E}.Debug|x86.Build.0 = Debug|Any CPU
		{BA820FF6-15D3-4F6E-8CFF-97B709C4D13E}.Release|Any CPU.ActiveCfg = Release|Any CPU
		{BA820FF6-15D3-4F6E-8CFF-97B709C4D13E}.Release|Any CPU.Build.0 = Release|Any CPU
		{BA820FF6-15D3-4F6E-8CFF-97B709C4D13E}.Release|x64.ActiveCfg = Release|Any CPU
		{BA820FF6-15D3-4F6E-8CFF-97B709C4D13E}.Release|x64.Build.0 = Release|Any CPU
		{BA820FF6-15D3-4F6E-8CFF-97B709C4D13E}.Release|x86.ActiveCfg = Release|Any CPU
		{BA820FF6-15D3-4F6E-8CFF-97B709C4D13E}.Release|x86.Build.0 = Release|Any CPU
		{295FD017-E8EF-4A53-8196-0927F5E110DD}.Debug|Any CPU.ActiveCfg = Debug|Any CPU
		{295FD017-E8EF-4A53-8196-0927F5E110DD}.Debug|Any CPU.Build.0 = Debug|Any CPU
		{295FD017-E8EF-4A53-8196-0927F5E110DD}.Debug|x64.ActiveCfg = Debug|Any CPU
		{295FD017-E8EF-4A53-8196-0927F5E110DD}.Debug|x64.Build.0 = Debug|Any CPU
		{295FD017-E8EF-4A53-8196-0927F5E110DD}.Debug|x86.ActiveCfg = Debug|Any CPU
		{295FD017-E8EF-4A53-8196-0927F5E110DD}.Debug|x86.Build.0 = Debug|Any CPU
		{295FD017-E8EF-4A53-8196-0927F5E110DD}.Release|Any CPU.ActiveCfg = Release|Any CPU
		{295FD017-E8EF-4A53-8196-0927F5E110DD}.Release|Any CPU.Build.0 = Release|Any CPU
		{295FD017-E8EF-4A53-8196-0927F5E110DD}.Release|x64.ActiveCfg = Release|Any CPU
		{295FD017-E8EF-4A53-8196-0927F5E110DD}.Release|x64.Build.0 = Release|Any CPU
		{295FD017-E8EF-4A53-8196-0927F5E110DD}.Release|x86.ActiveCfg = Release|Any CPU
		{295FD017-E8EF-4A53-8196-0927F5E110DD}.Release|x86.Build.0 = Release|Any CPU
	EndGlobalSection
EndGlobal
